// !$*UTF8*$!
{
	archiveVersion = 1;
	classes = {
	};
	objectVersion = 56;
	objects = {

/* Begin PBXBuildFile section */
		FA7D1DC52AC57D82008EFC4F /* AppDelegate.swift in Sources */ = {isa = PBXBuildFile; fileRef = FA7D1DC42AC57D82008EFC4F /* AppDelegate.swift */; };
		FA7D1DC92AC57D82008EFC4F /* ViewController.swift in Sources */ = {isa = PBXBuildFile; fileRef = FA7D1DC82AC57D82008EFC4F /* ViewController.swift */; };
		FA7D1DCE2AC57D82008EFC4F /* Assets.xcassets in Resources */ = {isa = PBXBuildFile; fileRef = FA7D1DCD2AC57D82008EFC4F /* Assets.xcassets */; };
		FA7D1DD12AC57D82008EFC4F /* LaunchScreen.storyboard in Resources */ = {isa = PBXBuildFile; fileRef = FA7D1DCF2AC57D82008EFC4F /* LaunchScreen.storyboard */; };
		FA7D1DDC2AC57D82008EFC4F /* ZLCollectionFreePageLayoutExampleTests.swift in Sources */ = {isa = PBXBuildFile; fileRef = FA7D1DDB2AC57D82008EFC4F /* ZLCollectionFreePageLayoutExampleTests.swift */; };
		FA7D1DE62AC57D82008EFC4F /* ZLCollectionFreePageLayoutExampleUITests.swift in Sources */ = {isa = PBXBuildFile; fileRef = FA7D1DE52AC57D82008EFC4F /* ZLCollectionFreePageLayoutExampleUITests.swift */; };
		FA7D1DE82AC57D82008EFC4F /* ZLCollectionFreePageLayoutExampleUITestsLaunchTests.swift in Sources */ = {isa = PBXBuildFile; fileRef = FA7D1DE72AC57D82008EFC4F /* ZLCollectionFreePageLayoutExampleUITestsLaunchTests.swift */; };
		FA7D1DF62AC57F51008EFC4F /* ZLCollectionFreePageLayout.swift in Sources */ = {isa = PBXBuildFile; fileRef = FA7D1DF52AC57F51008EFC4F /* ZLCollectionFreePageLayout.swift */; };
/* End PBXBuildFile section */

/* Begin PBXContainerItemProxy section */
		FA7D1DD82AC57D82008EFC4F /* PBXContainerItemProxy */ = {
			isa = PBXContainerItemProxy;
			containerPortal = FA7D1DB92AC57D82008EFC4F /* Project object */;
			proxyType = 1;
			remoteGlobalIDString = FA7D1DC02AC57D82008EFC4F;
			remoteInfo = ZLCollectionFreePageLayoutExample;
		};
		FA7D1DE22AC57D82008EFC4F /* PBXContainerItemProxy */ = {
			isa = PBXContainerItemProxy;
			containerPortal = FA7D1DB92AC57D82008EFC4F /* Project object */;
			proxyType = 1;
			remoteGlobalIDString = FA7D1DC02AC57D82008EFC4F;
			remoteInfo = ZLCollectionFreePageLayoutExample;
		};
/* End PBXContainerItemProxy section */

/* Begin PBXFileReference section */
		FA7D1DC12AC57D82008EFC4F /* ZLCollectionFreePageLayoutExample.app */ = {isa = PBXFileReference; explicitFileType = wrapper.application; includeInIndex = 0; path = ZLCollectionFreePageLayoutExample.app; sourceTree = BUILT_PRODUCTS_DIR; };
		FA7D1DC42AC57D82008EFC4F /* AppDelegate.swift */ = {isa = PBXFileReference; lastKnownFileType = sourcecode.swift; path = AppDelegate.swift; sourceTree = "<group>"; };
		FA7D1DC82AC57D82008EFC4F /* ViewController.swift */ = {isa = PBXFileReference; lastKnownFileType = sourcecode.swift; path = ViewController.swift; sourceTree = "<group>"; };
		FA7D1DCD2AC57D82008EFC4F /* Assets.xcassets */ = {isa = PBXFileReference; lastKnownFileType = folder.assetcatalog; path = Assets.xcassets; sourceTree = "<group>"; };
		FA7D1DD02AC57D82008EFC4F /* Base */ = {isa = PBXFileReference; lastKnownFileType = file.storyboard; name = Base; path = Base.lproj/LaunchScreen.storyboard; sourceTree = "<group>"; };
		FA7D1DD22AC57D82008EFC4F /* Info.plist */ = {isa = PBXFileReference; lastKnownFileType = text.plist.xml; path = Info.plist; sourceTree = "<group>"; };
		FA7D1DD72AC57D82008EFC4F /* ZLCollectionFreePageLayoutExampleTests.xctest */ = {isa = PBXFileReference; explicitFileType = wrapper.cfbundle; includeInIndex = 0; path = ZLCollectionFreePageLayoutExampleTests.xctest; sourceTree = BUILT_PRODUCTS_DIR; };
		FA7D1DDB2AC57D82008EFC4F /* ZLCollectionFreePageLayoutExampleTests.swift */ = {isa = PBXFileReference; lastKnownFileType = sourcecode.swift; path = ZLCollectionFreePageLayoutExampleTests.swift; sourceTree = "<group>"; };
		FA7D1DE12AC57D82008EFC4F /* ZLCollectionFreePageLayoutExampleUITests.xctest */ = {isa = PBXFileReference; explicitFileType = wrapper.cfbundle; includeInIndex = 0; path = ZLCollectionFreePageLayoutExampleUITests.xctest; sourceTree = BUILT_PRODUCTS_DIR; };
		FA7D1DE52AC57D82008EFC4F /* ZLCollectionFreePageLayoutExampleUITests.swift */ = {isa = PBXFileReference; lastKnownFileType = sourcecode.swift; path = ZLCollectionFreePageLayoutExampleUITests.swift; sourceTree = "<group>"; };
		FA7D1DE72AC57D82008EFC4F /* ZLCollectionFreePageLayoutExampleUITestsLaunchTests.swift */ = {isa = PBXFileReference; lastKnownFileType = sourcecode.swift; path = ZLCollectionFreePageLayoutExampleUITestsLaunchTests.swift; sourceTree = "<group>"; };
		FA7D1DF52AC57F51008EFC4F /* ZLCollectionFreePageLayout.swift */ = {isa = PBXFileReference; fileEncoding = 4; lastKnownFileType = sourcecode.swift; path = ZLCollectionFreePageLayout.swift; sourceTree = "<group>"; };
/* End PBXFileReference section */

/* Begin PBXFrameworksBuildPhase section */
		FA7D1DBE2AC57D82008EFC4F /* Frameworks */ = {
			isa = PBXFrameworksBuildPhase;
			buildActionMask = 2147483647;
			files = (
			);
			runOnlyForDeploymentPostprocessing = 0;
		};
		FA7D1DD42AC57D82008EFC4F /* Frameworks */ = {
			isa = PBXFrameworksBuildPhase;
			buildActionMask = 2147483647;
			files = (
			);
			runOnlyForDeploymentPostprocessing = 0;
		};
		FA7D1DDE2AC57D82008EFC4F /* Frameworks */ = {
			isa = PBXFrameworksBuildPhase;
			buildActionMask = 2147483647;
			files = (
			);
			runOnlyForDeploymentPostprocessing = 0;
		};
/* End PBXFrameworksBuildPhase section */

/* Begin PBXGroup section */
		FA7D1DB82AC57D82008EFC4F = {
			isa = PBXGroup;
			children = (
				FA7D1DC32AC57D82008EFC4F /* ZLCollectionFreePageLayoutExample */,
				FA7D1DDA2AC57D82008EFC4F /* ZLCollectionFreePageLayoutExampleTests */,
				FA7D1DE42AC57D82008EFC4F /* ZLCollectionFreePageLayoutExampleUITests */,
				FA7D1DC22AC57D82008EFC4F /* Products */,
			);
			sourceTree = "<group>";
		};
		FA7D1DC22AC57D82008EFC4F /* Products */ = {
			isa = PBXGroup;
			children = (
				FA7D1DC12AC57D82008EFC4F /* ZLCollectionFreePageLayoutExample.app */,
				FA7D1DD72AC57D82008EFC4F /* ZLCollectionFreePageLayoutExampleTests.xctest */,
				FA7D1DE12AC57D82008EFC4F /* ZLCollectionFreePageLayoutExampleUITests.xctest */,
			);
			name = Products;
			sourceTree = "<group>";
		};
		FA7D1DC32AC57D82008EFC4F /* ZLCollectionFreePageLayoutExample */ = {
			isa = PBXGroup;
			children = (
				FA7D1DF42AC57F51008EFC4F /* ZLCollectionFreePageLayout */,
				FA7D1DC42AC57D82008EFC4F /* AppDelegate.swift */,
				FA7D1DC82AC57D82008EFC4F /* ViewController.swift */,
				FA7D1DCD2AC57D82008EFC4F /* Assets.xcassets */,
				FA7D1DCF2AC57D82008EFC4F /* LaunchScreen.storyboard */,
				FA7D1DD22AC57D82008EFC4F /* Info.plist */,
			);
			path = ZLCollectionFreePageLayoutExample;
			sourceTree = "<group>";
		};
		FA7D1DDA2AC57D82008EFC4F /* ZLCollectionFreePageLayoutExampleTests */ = {
			isa = PBXGroup;
			children = (
				FA7D1DDB2AC57D82008EFC4F /* ZLCollectionFreePageLayoutExampleTests.swift */,
			);
			path = ZLCollectionFreePageLayoutExampleTests;
			sourceTree = "<group>";
		};
		FA7D1DE42AC57D82008EFC4F /* ZLCollectionFreePageLayoutExampleUITests */ = {
			isa = PBXGroup;
			children = (
				FA7D1DE52AC57D82008EFC4F /* ZLCollectionFreePageLayoutExampleUITests.swift */,
				FA7D1DE72AC57D82008EFC4F /* ZLCollectionFreePageLayoutExampleUITestsLaunchTests.swift */,
			);
			path = ZLCollectionFreePageLayoutExampleUITests;
			sourceTree = "<group>";
		};
		FA7D1DF42AC57F51008EFC4F /* ZLCollectionFreePageLayout */ = {
			isa = PBXGroup;
			children = (
				FA7D1DF52AC57F51008EFC4F /* ZLCollectionFreePageLayout.swift */,
			);
			name = ZLCollectionFreePageLayout;
			path = ../../ZLCollectionFreePageLayout;
			sourceTree = "<group>";
		};
/* End PBXGroup section */

/* Begin PBXNativeTarget section */
		FA7D1DC02AC57D82008EFC4F /* ZLCollectionFreePageLayoutExample */ = {
			isa = PBXNativeTarget;
			buildConfigurationList = FA7D1DEB2AC57D82008EFC4F /* Build configuration list for PBXNativeTarget "ZLCollectionFreePageLayoutExample" */;
			buildPhases = (
				FA7D1DBD2AC57D82008EFC4F /* Sources */,
				FA7D1DBE2AC57D82008EFC4F /* Frameworks */,
				FA7D1DBF2AC57D82008EFC4F /* Resources */,
			);
			buildRules = (
			);
			dependencies = (
			);
			name = ZLCollectionFreePageLayoutExample;
			productName = ZLCollectionFreePageLayoutExample;
			productReference = FA7D1DC12AC57D82008EFC4F /* ZLCollectionFreePageLayoutExample.app */;
			productType = "com.apple.product-type.application";
		};
		FA7D1DD62AC57D82008EFC4F /* ZLCollectionFreePageLayoutExampleTests */ = {
			isa = PBXNativeTarget;
			buildConfigurationList = FA7D1DEE2AC57D82008EFC4F /* Build configuration list for PBXNativeTarget "ZLCollectionFreePageLayoutExampleTests" */;
			buildPhases = (
				FA7D1DD32AC57D82008EFC4F /* Sources */,
				FA7D1DD42AC57D82008EFC4F /* Frameworks */,
				FA7D1DD52AC57D82008EFC4F /* Resources */,
			);
			buildRules = (
			);
			dependencies = (
				FA7D1DD92AC57D82008EFC4F /* PBXTargetDependency */,
			);
			name = ZLCollectionFreePageLayoutExampleTests;
			productName = ZLCollectionFreePageLayoutExampleTests;
			productReference = FA7D1DD72AC57D82008EFC4F /* ZLCollectionFreePageLayoutExampleTests.xctest */;
			productType = "com.apple.product-type.bundle.unit-test";
		};
		FA7D1DE02AC57D82008EFC4F /* ZLCollectionFreePageLayoutExampleUITests */ = {
			isa = PBXNativeTarget;
			buildConfigurationList = FA7D1DF12AC57D82008EFC4F /* Build configuration list for PBXNativeTarget "ZLCollectionFreePageLayoutExampleUITests" */;
			buildPhases = (
				FA7D1DDD2AC57D82008EFC4F /* Sources */,
				FA7D1DDE2AC57D82008EFC4F /* Frameworks */,
				FA7D1DDF2AC57D82008EFC4F /* Resources */,
			);
			buildRules = (
			);
			dependencies = (
				FA7D1DE32AC57D82008EFC4F /* PBXTargetDependency */,
			);
			name = ZLCollectionFreePageLayoutExampleUITests;
			productName = ZLCollectionFreePageLayoutExampleUITests;
			productReference = FA7D1DE12AC57D82008EFC4F /* ZLCollectionFreePageLayoutExampleUITests.xctest */;
			productType = "com.apple.product-type.bundle.ui-testing";
		};
/* End PBXNativeTarget section */

/* Begin PBXProject section */
		FA7D1DB92AC57D82008EFC4F /* Project object */ = {
			isa = PBXProject;
			attributes = {
				BuildIndependentTargetsInParallel = 1;
				LastSwiftUpdateCheck = 1420;
				LastUpgradeCheck = 1420;
				TargetAttributes = {
					FA7D1DC02AC57D82008EFC4F = {
						CreatedOnToolsVersion = 14.2;
					};
					FA7D1DD62AC57D82008EFC4F = {
						CreatedOnToolsVersion = 14.2;
						TestTargetID = FA7D1DC02AC57D82008EFC4F;
					};
					FA7D1DE02AC57D82008EFC4F = {
						CreatedOnToolsVersion = 14.2;
						TestTargetID = FA7D1DC02AC57D82008EFC4F;
					};
				};
			};
			buildConfigurationList = FA7D1DBC2AC57D82008EFC4F /* Build configuration list for PBXProject "ZLCollectionFreePageLayoutExample" */;
			compatibilityVersion = "Xcode 14.0";
			developmentRegion = en;
			hasScannedForEncodings = 0;
			knownRegions = (
				en,
				Base,
			);
			mainGroup = FA7D1DB82AC57D82008EFC4F;
			productRefGroup = FA7D1DC22AC57D82008EFC4F /* Products */;
			projectDirPath = "";
			projectRoot = "";
			targets = (
				FA7D1DC02AC57D82008EFC4F /* ZLCollectionFreePageLayoutExample */,
				FA7D1DD62AC57D82008EFC4F /* ZLCollectionFreePageLayoutExampleTests */,
				FA7D1DE02AC57D82008EFC4F /* ZLCollectionFreePageLayoutExampleUITests */,
			);
		};
/* End PBXProject section */

/* Begin PBXResourcesBuildPhase section */
		FA7D1DBF2AC57D82008EFC4F /* Resources */ = {
			isa = PBXResourcesBuildPhase;
			buildActionMask = 2147483647;
			files = (
				FA7D1DD12AC57D82008EFC4F /* LaunchScreen.storyboard in Resources */,
				FA7D1DCE2AC57D82008EFC4F /* Assets.xcassets in Resources */,
			);
			runOnlyForDeploymentPostprocessing = 0;
		};
		FA7D1DD52AC57D82008EFC4F /* Resources */ = {
			isa = PBXResourcesBuildPhase;
			buildActionMask = 2147483647;
			files = (
			);
			runOnlyForDeploymentPostprocessing = 0;
		};
		FA7D1DDF2AC57D82008EFC4F /* Resources */ = {
			isa = PBXResourcesBuildPhase;
			buildActionMask = 2147483647;
			files = (
			);
			runOnlyForDeploymentPostprocessing = 0;
		};
/* End PBXResourcesBuildPhase section */

/* Begin PBXSourcesBuildPhase section */
		FA7D1DBD2AC57D82008EFC4F /* Sources */ = {
			isa = PBXSourcesBuildPhase;
			buildActionMask = 2147483647;
			files = (
				FA7D1DC92AC57D82008EFC4F /* ViewController.swift in Sources */,
				FA7D1DF62AC57F51008EFC4F /* ZLCollectionFreePageLayout.swift in Sources */,
				FA7D1DC52AC57D82008EFC4F /* AppDelegate.swift in Sources */,
			);
			runOnlyForDeploymentPostprocessing = 0;
		};
		FA7D1DD32AC57D82008EFC4F /* Sources */ = {
			isa = PBXSourcesBuildPhase;
			buildActionMask = 2147483647;
			files = (
				FA7D1DDC2AC57D82008EFC4F /* ZLCollectionFreePageLayoutExampleTests.swift in Sources */,
			);
			runOnlyForDeploymentPostprocessing = 0;
		};
		FA7D1DDD2AC57D82008EFC4F /* Sources */ = {
			isa = PBXSourcesBuildPhase;
			buildActionMask = 2147483647;
			files = (
				FA7D1DE82AC57D82008EFC4F /* ZLCollectionFreePageLayoutExampleUITestsLaunchTests.swift in Sources */,
				FA7D1DE62AC57D82008EFC4F /* ZLCollectionFreePageLayoutExampleUITests.swift in Sources */,
			);
			runOnlyForDeploymentPostprocessing = 0;
		};
/* End PBXSourcesBuildPhase section */

/* Begin PBXTargetDependency section */
		FA7D1DD92AC57D82008EFC4F /* PBXTargetDependency */ = {
			isa = PBXTargetDependency;
			target = FA7D1DC02AC57D82008EFC4F /* ZLCollectionFreePageLayoutExample */;
			targetProxy = FA7D1DD82AC57D82008EFC4F /* PBXContainerItemProxy */;
		};
		FA7D1DE32AC57D82008EFC4F /* PBXTargetDependency */ = {
			isa = PBXTargetDependency;
			target = FA7D1DC02AC57D82008EFC4F /* ZLCollectionFreePageLayoutExample */;
			targetProxy = FA7D1DE22AC57D82008EFC4F /* PBXContainerItemProxy */;
		};
/* End PBXTargetDependency section */

/* Begin PBXVariantGroup section */
		FA7D1DCF2AC57D82008EFC4F /* LaunchScreen.storyboard */ = {
			isa = PBXVariantGroup;
			children = (
				FA7D1DD02AC57D82008EFC4F /* Base */,
			);
			name = LaunchScreen.storyboard;
			sourceTree = "<group>";
		};
/* End PBXVariantGroup section */

/* Begin XCBuildConfiguration section */
		FA7D1DE92AC57D82008EFC4F /* Debug */ = {
			isa = XCBuildConfiguration;
			buildSettings = {
				ALWAYS_SEARCH_USER_PATHS = NO;
				CLANG_ANALYZER_NONNULL = YES;
				CLANG_ANALYZER_NUMBER_OBJECT_CONVERSION = YES_AGGRESSIVE;
				CLANG_CXX_LANGUAGE_STANDARD = "gnu++20";
				CLANG_ENABLE_MODULES = YES;
				CLANG_ENABLE_OBJC_ARC = YES;
				CLANG_ENABLE_OBJC_WEAK = YES;
				CLANG_WARN_BLOCK_CAPTURE_AUTORELEASING = YES;
				CLANG_WARN_BOOL_CONVERSION = YES;
				CLANG_WARN_COMMA = YES;
				CLANG_WARN_CONSTANT_CONVERSION = YES;
				CLANG_WARN_DEPRECATED_OBJC_IMPLEMENTATIONS = YES;
				CLANG_WARN_DIRECT_OBJC_ISA_USAGE = YES_ERROR;
				CLANG_WARN_DOCUMENTATION_COMMENTS = YES;
				CLANG_WARN_EMPTY_BODY = YES;
				CLANG_WARN_ENUM_CONVERSION = YES;
				CLANG_WARN_INFINITE_RECURSION = YES;
				CLANG_WARN_INT_CONVERSION = YES;
				CLANG_WARN_NON_LITERAL_NULL_CONVERSION = YES;
				CLANG_WARN_OBJC_IMPLICIT_RETAIN_SELF = YES;
				CLANG_WARN_OBJC_LITERAL_CONVERSION = YES;
				CLANG_WARN_OBJC_ROOT_CLASS = YES_ERROR;
				CLANG_WARN_QUOTED_INCLUDE_IN_FRAMEWORK_HEADER = YES;
				CLANG_WARN_RANGE_LOOP_ANALYSIS = YES;
				CLANG_WARN_STRICT_PROTOTYPES = YES;
				CLANG_WARN_SUSPICIOUS_MOVE = YES;
				CLANG_WARN_UNGUARDED_AVAILABILITY = YES_AGGRESSIVE;
				CLANG_WARN_UNREACHABLE_CODE = YES;
				CLANG_WARN__DUPLICATE_METHOD_MATCH = YES;
				COPY_PHASE_STRIP = NO;
				DEBUG_INFORMATION_FORMAT = dwarf;
				ENABLE_STRICT_OBJC_MSGSEND = YES;
				ENABLE_TESTABILITY = YES;
				GCC_C_LANGUAGE_STANDARD = gnu11;
				GCC_DYNAMIC_NO_PIC = NO;
				GCC_NO_COMMON_BLOCKS = YES;
				GCC_OPTIMIZATION_LEVEL = 0;
				GCC_PREPROCESSOR_DEFINITIONS = (
					"DEBUG=1",
					"$(inherited)",
				);
				GCC_WARN_64_TO_32_BIT_CONVERSION = YES;
				GCC_WARN_ABOUT_RETURN_TYPE = YES_ERROR;
				GCC_WARN_UNDECLARED_SELECTOR = YES;
				GCC_WARN_UNINITIALIZED_AUTOS = YES_AGGRESSIVE;
				GCC_WARN_UNUSED_FUNCTION = YES;
				GCC_WARN_UNUSED_VARIABLE = YES;
				IPHONEOS_DEPLOYMENT_TARGET = 16.2;
				MTL_ENABLE_DEBUG_INFO = INCLUDE_SOURCE;
				MTL_FAST_MATH = YES;
				ONLY_ACTIVE_ARCH = YES;
				SDKROOT = iphoneos;
				SWIFT_ACTIVE_COMPILATION_CONDITIONS = DEBUG;
				SWIFT_OPTIMIZATION_LEVEL = "-Onone";
			};
			name = Debug;
		};
		FA7D1DEA2AC57D82008EFC4F /* Release */ = {
			isa = XCBuildConfiguration;
			buildSettings = {
				ALWAYS_SEARCH_USER_PATHS = NO;
				CLANG_ANALYZER_NONNULL = YES;
				CLANG_ANALYZER_NUMBER_OBJECT_CONVERSION = YES_AGGRESSIVE;
				CLANG_CXX_LANGUAGE_STANDARD = "gnu++20";
				CLANG_ENABLE_MODULES = YES;
				CLANG_ENABLE_OBJC_ARC = YES;
				CLANG_ENABLE_OBJC_WEAK = YES;
				CLANG_WARN_BLOCK_CAPTURE_AUTORELEASING = YES;
				CLANG_WARN_BOOL_CONVERSION = YES;
				CLANG_WARN_COMMA = YES;
				CLANG_WARN_CONSTANT_CONVERSION = YES;
				CLANG_WARN_DEPRECATED_OBJC_IMPLEMENTATIONS = YES;
				CLANG_WARN_DIRECT_OBJC_ISA_USAGE = YES_ERROR;
				CLANG_WARN_DOCUMENTATION_COMMENTS = YES;
				CLANG_WARN_EMPTY_BODY = YES;
				CLANG_WARN_ENUM_CONVERSION = YES;
				CLANG_WARN_INFINITE_RECURSION = YES;
				CLANG_WARN_INT_CONVERSION = YES;
				CLANG_WARN_NON_LITERAL_NULL_CONVERSION = YES;
				CLANG_WARN_OBJC_IMPLICIT_RETAIN_SELF = YES;
				CLANG_WARN_OBJC_LITERAL_CONVERSION = YES;
				CLANG_WARN_OBJC_ROOT_CLASS = YES_ERROR;
				CLANG_WARN_QUOTED_INCLUDE_IN_FRAMEWORK_HEADER = YES;
				CLANG_WARN_RANGE_LOOP_ANALYSIS = YES;
				CLANG_WARN_STRICT_PROTOTYPES = YES;
				CLANG_WARN_SUSPICIOUS_MOVE = YES;
				CLANG_WARN_UNGUARDED_AVAILABILITY = YES_AGGRESSIVE;
				CLANG_WARN_UNREACHABLE_CODE = YES;
				CLANG_WARN__DUPLICATE_METHOD_MATCH = YES;
				COPY_PHASE_STRIP = NO;
				DEBUG_INFORMATION_FORMAT = "dwarf-with-dsym";
				ENABLE_NS_ASSERTIONS = NO;
				ENABLE_STRICT_OBJC_MSGSEND = YES;
				GCC_C_LANGUAGE_STANDARD = gnu11;
				GCC_NO_COMMON_BLOCKS = YES;
				GCC_WARN_64_TO_32_BIT_CONVERSION = YES;
				GCC_WARN_ABOUT_RETURN_TYPE = YES_ERROR;
				GCC_WARN_UNDECLARED_SELECTOR = YES;
				GCC_WARN_UNINITIALIZED_AUTOS = YES_AGGRESSIVE;
				GCC_WARN_UNUSED_FUNCTION = YES;
				GCC_WARN_UNUSED_VARIABLE = YES;
				IPHONEOS_DEPLOYMENT_TARGET = 16.2;
				MTL_ENABLE_DEBUG_INFO = NO;
				MTL_FAST_MATH = YES;
				SDKROOT = iphoneos;
				SWIFT_COMPILATION_MODE = wholemodule;
				SWIFT_OPTIMIZATION_LEVEL = "-O";
				VALIDATE_PRODUCT = YES;
			};
			name = Release;
		};
		FA7D1DEC2AC57D82008EFC4F /* Debug */ = {
			isa = XCBuildConfiguration;
			buildSettings = {
				ASSETCATALOG_COMPILER_APPICON_NAME = AppIcon;
				ASSETCATALOG_COMPILER_GLOBAL_ACCENT_COLOR_NAME = AccentColor;
				CODE_SIGN_STYLE = Automatic;
				CURRENT_PROJECT_VERSION = 1;
				DEVELOPMENT_TEAM = YT98RL5YQN;
				GENERATE_INFOPLIST_FILE = YES;
				INFOPLIST_FILE = ZLCollectionFreePageLayoutExample/Info.plist;
				INFOPLIST_KEY_UIApplicationSupportsIndirectInputEvents = YES;
				INFOPLIST_KEY_UILaunchStoryboardName = LaunchScreen;
				INFOPLIST_KEY_UISupportedInterfaceOrientations_iPad = "UIInterfaceOrientationPortrait UIInterfaceOrientationPortraitUpsideDown UIInterfaceOrientationLandscapeLeft UIInterfaceOrientationLandscapeRight";
				INFOPLIST_KEY_UISupportedInterfaceOrientations_iPhone = "UIInterfaceOrientationPortrait UIInterfaceOrientationLandscapeLeft UIInterfaceOrientationLandscapeRight";
				IPHONEOS_DEPLOYMENT_TARGET = 11.0;
				LD_RUNPATH_SEARCH_PATHS = (
					"$(inherited)",
					"@executable_path/Frameworks",
				);
				MARKETING_VERSION = 1.0;
				PRODUCT_BUNDLE_IDENTIFIER = com.kexinkeqing.freepage.example.ZLCollectionFreePageLayoutExample;
				PRODUCT_NAME = "$(TARGET_NAME)";
				SWIFT_EMIT_LOC_STRINGS = YES;
				SWIFT_VERSION = 5.0;
				TARGETED_DEVICE_FAMILY = "1,2";
			};
			name = Debug;
		};
		FA7D1DED2AC57D82008EFC4F /* Release */ = {
			isa = XCBuildConfiguration;
			buildSettings = {
				ASSETCATALOG_COMPILER_APPICON_NAME = AppIcon;
				ASSETCATALOG_COMPILER_GLOBAL_ACCENT_COLOR_NAME = AccentColor;
				CODE_SIGN_STYLE = Automatic;
				CURRENT_PROJECT_VERSION = 1;
				DEVELOPMENT_TEAM = YT98RL5YQN;
				GENERATE_INFOPLIST_FILE = YES;
				INFOPLIST_FILE = ZLCollectionFreePageLayoutExample/Info.plist;
				INFOPLIST_KEY_UIApplicationSupportsIndirectInputEvents = YES;
				INFOPLIST_KEY_UILaunchStoryboardName = LaunchScreen;
				INFOPLIST_KEY_UISupportedInterfaceOrientations_iPad = "UIInterfaceOrientationPortrait UIInterfaceOrientationPortraitUpsideDown UIInterfaceOrientationLandscapeLeft UIInterfaceOrientationLandscapeRight";
				INFOPLIST_KEY_UISupportedInterfaceOrientations_iPhone = "UIInterfaceOrientationPortrait UIInterfaceOrientationLandscapeLeft UIInterfaceOrientationLandscapeRight";
				IPHONEOS_DEPLOYMENT_TARGET = 11.0;
				LD_RUNPATH_SEARCH_PATHS = (
					"$(inherited)",
					"@executable_path/Frameworks",
				);
				MARKETING_VERSION = 1.0;
				PRODUCT_BUNDLE_IDENTIFIER = com.kexinkeqing.freepage.example.ZLCollectionFreePageLayoutExample;
				PRODUCT_NAME = "$(TARGET_NAME)";
				SWIFT_EMIT_LOC_STRINGS = YES;
				SWIFT_VERSION = 5.0;
				TARGETED_DEVICE_FAMILY = "1,2";
			};
			name = Release;
		};
		FA7D1DEF2AC57D82008EFC4F /* Debug */ = {
			isa = XCBuildConfiguration;
			buildSettings = {
				ALWAYS_EMBED_SWIFT_STANDARD_LIBRARIES = YES;
				BUNDLE_LOADER = "$(TEST_HOST)";
				CODE_SIGN_STYLE = Automatic;
				CURRENT_PROJECT_VERSION = 1;
				DEVELOPMENT_TEAM = YT98RL5YQN;
				GENERATE_INFOPLIST_FILE = YES;
				IPHONEOS_DEPLOYMENT_TARGET = 16.2;
				MARKETING_VERSION = 1.0;
				PRODUCT_BUNDLE_IDENTIFIER = com.kexinkeqing.freepage.example.ZLCollectionFreePageLayoutExampleTests;
				PRODUCT_NAME = "$(TARGET_NAME)";
				SWIFT_EMIT_LOC_STRINGS = NO;
				SWIFT_VERSION = 5.0;
				TARGETED_DEVICE_FAMILY = "1,2";
				TEST_HOST = "$(BUILT_PRODUCTS_DIR)/ZLCollectionFreePageLayoutExample.app/$(BUNDLE_EXECUTABLE_FOLDER_PATH)/ZLCollectionFreePageLayoutExample";
			};
			name = Debug;
		};
		FA7D1DF02AC57D82008EFC4F /* Release */ = {
			isa = XCBuildConfiguration;
			buildSettings = {
				ALWAYS_EMBED_SWIFT_STANDARD_LIBRARIES = YES;
				BUNDLE_LOADER = "$(TEST_HOST)";
				CODE_SIGN_STYLE = Automatic;
				CURRENT_PROJECT_VERSION = 1;
				DEVELOPMENT_TEAM = YT98RL5YQN;
				GENERATE_INFOPLIST_FILE = YES;
				IPHONEOS_DEPLOYMENT_TARGET = 16.2;
				MARKETING_VERSION = 1.0;
				PRODUCT_BUNDLE_IDENTIFIER = com.kexinkeqing.freepage.example.ZLCollectionFreePageLayoutExampleTests;
				PRODUCT_NAME = "$(TARGET_NAME)";
				SWIFT_EMIT_LOC_STRINGS = NO;
				SWIFT_VERSION = 5.0;
				TARGETED_DEVICE_FAMILY = "1,2";
				TEST_HOST = "$(BUILT_PRODUCTS_DIR)/ZLCollectionFreePageLayoutExample.app/$(BUNDLE_EXECUTABLE_FOLDER_PATH)/ZLCollectionFreePageLayoutExample";
			};
			name = Release;
		};
		FA7D1DF22AC57D82008EFC4F /* Debug */ = {
			isa = XCBuildConfiguration;
			buildSettings = {
				ALWAYS_EMBED_SWIFT_STANDARD_LIBRARIES = YES;
				CODE_SIGN_STYLE = Automatic;
				CURRENT_PROJECT_VERSION = 1;
				DEVELOPMENT_TEAM = YT98RL5YQN;
				GENERATE_INFOPLIST_FILE = YES;
				MARKETING_VERSION = 1.0;
				PRODUCT_BUNDLE_IDENTIFIER = com.kexinkeqing.freepage.example.ZLCollectionFreePageLayoutExampleUITests;
				PRODUCT_NAME = "$(TARGET_NAME)";
				SWIFT_EMIT_LOC_STRINGS = NO;
				SWIFT_VERSION = 5.0;
				TARGETED_DEVICE_FAMILY = "1,2";
				TEST_TARGET_NAME = ZLCollectionFreePageLayoutExample;
			};
			name = Debug;
		};
		FA7D1DF32AC57D82008EFC4F /* Release */ = {
			isa = XCBuildConfiguration;
			buildSettings = {
				ALWAYS_EMBED_SWIFT_STANDARD_LIBRARIES = YES;
				CODE_SIGN_STYLE = Automatic;
				CURRENT_PROJECT_VERSION = 1;
				DEVELOPMENT_TEAM = YT98RL5YQN;
				GENERATE_INFOPLIST_FILE = YES;
				MARKETING_VERSION = 1.0;
				PRODUCT_BUNDLE_IDENTIFIER = com.kexinkeqing.freepage.example.ZLCollectionFreePageLayoutExampleUITests;
				PRODUCT_NAME = "$(TARGET_NAME)";
				SWIFT_EMIT_LOC_STRINGS = NO;
				SWIFT_VERSION = 5.0;
				TARGETED_DEVICE_FAMILY = "1,2";
				TEST_TARGET_NAME = ZLCollectionFreePageLayoutExample;
			};
			name = Release;
		};
/* End XCBuildConfiguration section */

/* Begin XCConfigurationList section */
		FA7D1DBC2AC57D82008EFC4F /* Build configuration list for PBXProject "ZLCollectionFreePageLayoutExample" */ = {
			isa = XCConfigurationList;
			buildConfigurations = (
				FA7D1DE92AC57D82008EFC4F /* Debug */,
				FA7D1DEA2AC57D82008EFC4F /* Release */,
			);
			defaultConfigurationIsVisible = 0;
			defaultConfigurationName = Release;
		};
		FA7D1DEB2AC57D82008EFC4F /* Build configuration list for PBXNativeTarget "ZLCollectionFreePageLayoutExample" */ = {
			isa = XCConfigurationList;
			buildConfigurations = (
				FA7D1DEC2AC57D82008EFC4F /* Debug */,
				FA7D1DED2AC57D82008EFC4F /* Release */,
			);
			defaultConfigurationIsVisible = 0;
			defaultConfigurationName = Release;
		};
		FA7D1DEE2AC57D82008EFC4F /* Build configuration list for PBXNativeTarget "ZLCollectionFreePageLayoutExampleTests" */ = {
			isa = XCConfigurationList;
			buildConfigurations = (
				FA7D1DEF2AC57D82008EFC4F /* Debug */,
				FA7D1DF02AC57D82008EFC4F /* Release */,
			);
			defaultConfigurationIsVisible = 0;
			defaultConfigurationName = Release;
		};
		FA7D1DF12AC57D82008EFC4F /* Build configuration list for PBXNativeTarget "ZLCollectionFreePageLayoutExampleUITests" */ = {
			isa = XCConfigurationList;
			buildConfigurations = (
				FA7D1DF22AC57D82008EFC4F /* Debug */,
				FA7D1DF32AC57D82008EFC4F /* Release */,
			);
			defaultConfigurationIsVisible = 0;
			defaultConfigurationName = Release;
		};
/* End XCConfigurationList section */
	};
	rootObject = FA7D1DB92AC57D82008EFC4F /* Project object */;
}
